{
    "_meta": {
        "hash": {
            "sha256": "9946f9d329c7ffc23cf964efc2a67359ebdc2467b76635272cb382d6b11cb75d"
        },
        "pipfile-spec": 6,
        "requires": {
            "python_version": "3.7"
        },
        "sources": [
            {
                "name": "pypi",
                "url": "https://pypi.org/simple",
                "verify_ssl": true
            }
        ]
    },
    "default": {
        "attrs": {
            "hashes": [
                "sha256:69c0dbf2ed392de1cb5ec704444b08a5ef81680a61cb899dc08127123af36a79",
                "sha256:f0b870f674851ecbfbbbd364d6b5cbdff9dcedbc7f3f5e18a6891057f21fe399"
            ],
            "version": "==19.1.0"
        },
        "cmd2": {
            "hashes": [
                "sha256:4b78379d53aff811d1deac720bbe71661769822a5fb2d830cd730656d180fb3d",
                "sha256:afebd649dda771b1de893e8df0a5f6085da5f0dcf7f63e18b247b3284f9365ce"
            ],
            "version": "==0.9.16"
        },
        "colorama": {
            "hashes": [
                "sha256:05eed71e2e327246ad6b38c540c4a3117230b19679b875190486ddd2d721422d",
                "sha256:f8ac84de7840f5b9c4e3347b3c1eaa50f7e49c2b07596221daec5edaabbd7c48"
            ],
            "markers": "sys_platform == 'win32'",
            "version": "==0.4.1"
        },
        "colorlog": {
            "hashes": [
                "sha256:3cf31b25cbc8f86ec01fef582ef3b840950dea414084ed19ab922c8b493f9b42",
                "sha256:450f52ea2a2b6ebb308f034ea9a9b15cea51e65650593dca1da3eb792e4e4981"
            ],
            "index": "pypi",
            "version": "==4.0.2"
        },
        "funny": {
            "hashes": [
                "sha256:a7b02f3fb6d1965caec6ca6b201dde4da5f035fb4e2bde0dbc1c21a0a89ca514"
            ],
            "index": "pypi",
            "version": "==0.1"
        },
        "pyperclip": {
            "hashes": [
                "sha256:979325468ccf682104d5dcaf753f869868100631301d3e72f47babdea5700d1c"
            ],
            "version": "==1.7.0"
        },
        "pyreadline": {
            "hashes": [
                "sha256:4530592fc2e85b25b1a9f79664433da09237c1a270e4d78ea5aa3a2c7229e2d1"
            ],
            "markers": "sys_platform == 'win32'",
            "version": "==2.1"
        },
        "wcwidth": {
            "hashes": [
                "sha256:3df37372226d6e63e1b1e1eda15c594bca98a22d33a23832a90998faa96bc65e",
                "sha256:f4ebe71925af7b40a864553f761ed559b43544f8f71746c2d756c7fe788ade7c"
            ],
            "version": "==0.1.7"
        }
    },
    "develop": {}
}
